
Microsoft Visual Studio Solution File, Format Version 12.00
# Visual Studio 2012
Project("{FAE04EC0-301F-11D3-BF4B-00C04F79EFBC}") = "Hlin.Console", "..\Hlin.Console\Hlin.Console.csproj", "{6D4C860D-7E97-4D9E-B8FB-E3035267FCCB}"
EndProject
Project("{FAE04EC0-301F-11D3-BF4B-00C04F79EFBC}") = "Hlin.Console.Specs", "..\Hlin.Console.Specs\Hlin.Console.Specs.csproj", "{0CC2C14B-5F9D-470A-8ADB-D0AD7BC4788F}"
EndProject
Project("{2150E333-8FDC-42A3-9474-1A3956D46DE8}") = ".nuget", ".nuget", "{5575CADF-1C8B-4780-B9C9-1FCFAE685B34}"
	ProjectSection(SolutionItems) = preProject
		.nuget\NuGet.Config = .nuget\NuGet.Config
		.nuget\NuGet.exe = .nuget\NuGet.exe
		.nuget\NuGet.targets = .nuget\NuGet.targets
	EndProjectSection
EndProject
Global
	GlobalSection(SolutionConfigurationPlatforms) = preSolution
		Debug|Any CPU = Debug|Any CPU
		Release|Any CPU = Release|Any CPU
	EndGlobalSection
	GlobalSection(ProjectConfigurationPlatforms) = postSolution
		{6D4C860D-7E97-4D9E-B8FB-E3035267FCCB}.Debug|Any CPU.ActiveCfg = Debug|Any CPU
		{6D4C860D-7E97-4D9E-B8FB-E3035267FCCB}.Debug|Any CPU.Build.0 = Debug|Any CPU
		{6D4C860D-7E97-4D9E-B8FB-E3035267FCCB}.Release|Any CPU.ActiveCfg = Release|Any CPU
		{6D4C860D-7E97-4D9E-B8FB-E3035267FCCB}.Release|Any CPU.Build.0 = Release|Any CPU
		{0CC2C14B-5F9D-470A-8ADB-D0AD7BC4788F}.Debug|Any CPU.ActiveCfg = Debug|Any CPU
		{0CC2C14B-5F9D-470A-8ADB-D0AD7BC4788F}.Debug|Any CPU.Build.0 = Debug|Any CPU
		{0CC2C14B-5F9D-470A-8ADB-D0AD7BC4788F}.Release|Any CPU.ActiveCfg = Release|Any CPU
		{0CC2C14B-5F9D-470A-8ADB-D0AD7BC4788F}.Release|Any CPU.Build.0 = Release|Any CPU
	EndGlobalSection
	GlobalSection(SolutionProperties) = preSolution
		HideSolutionNode = FALSE
	EndGlobalSection
EndGlobal
